{
  "name": "sats402",
  "version": "0.1.0",
  "lockfileVersion": 3,
  "requires": true,
  "packages": {
    "": {
      "name": "sats402",
      "version": "0.1.0",
      "license": "MIT",
      "dependencies": {
        "@sats402/verify": "file:../verify"
      },
      "bin": {
        "sats402": "bin/sats402.mjs"
      }
    },
    "../verify": {
      "name": "@sats402/verify",
      "version": "0.1.0",
      "license": "MIT",
      "dependencies": {
        "@sats402/core": "file:../core"
      },
      "bin": {
        "sats402-verify": "bin/verify.mjs"
      },
      "devDependencies": {
        "@types/node": "^25.0.0",
        "typescript": "^7.0.2"
      }
    },
    "node_modules/@sats402/verify": {
      "resolved": "../verify",
      "link": true
    }
  }
}
